
Microsoft Visual Studio Solution File, Format Version 12.00
# Visual Studio 2013
VisualStudioVersion = 12.0.40629.0
MinimumVisualStudioVersion = 10.0.40219.1
Project("{FAE04EC0-301F-11D3-BF4B-00C04F79EFBC}") = "ExamPrep", "ExamPrep\ExamPrep.csproj", "{A12C8067-5318-4DE1-BC25-6773DA64253A}"
EndProject
Global
	GlobalSection(SolutionConfigurationPlatforms) = preSolution
		Debug|Any CPU = Debug|Any CPU
		Release|Any CPU = Release|Any CPU
	EndGlobalSection
	GlobalSection(ProjectConfigurationPlatforms) = postSolution
		{A12C8067-5318-4DE1-BC25-6773DA64253A}.Debug|Any CPU.ActiveCfg = Debug|Any CPU
		{A12C8067-5318-4DE1-BC25-6773DA64253A}.Debug|Any CPU.Build.0 = Debug|Any CPU
		{A12C8067-5318-4DE1-BC25-6773DA64253A}.Release|Any CPU.ActiveCfg = Release|Any CPU
		{A12C8067-5318-4DE1-BC25-6773DA64253A}.Release|Any CPU.Build.0 = Release|Any CPU
	EndGlobalSection
	GlobalSection(SolutionProperties) = preSolution
		HideSolutionNode = FALSE
	EndGlobalSection
EndGlobal
