
Microsoft Visual Studio Solution File, Format Version 12.00
# Visual Studio 15
VisualStudioVersion = 15.0.28010.2036
MinimumVisualStudioVersion = 10.0.40219.1
Project("{FAE04EC0-301F-11D3-BF4B-00C04F79EFBC}") = "1.1.1.1", "ExamPrep\1.1.1.1.csproj", "{A12C8067-5318-4DE1-BC25-6773DA64253A}"
EndProject
Project("{FAE04EC0-301F-11D3-BF4B-00C04F79EFBC}") = "1.1.1.2", "1.1.1.2\1.1.1.2.csproj", "{E1551B3E-761B-48AE-AC0D-0090E918B688}"
EndProject
Project("{FAE04EC0-301F-11D3-BF4B-00C04F79EFBC}") = "1.1.1.3", "1.1.1.3\1.1.1.3.csproj", "{953589F5-C9D3-4A16-A7CC-4F42387F122F}"
EndProject
Project("{FAE04EC0-301F-11D3-BF4B-00C04F79EFBC}") = "1.1.1.4", "1.1.1.4\1.1.1.4.csproj", "{CD61AB0B-7D06-49AA-B961-799B8AA83FAE}"
EndProject
Project("{FAE04EC0-301F-11D3-BF4B-00C04F79EFBC}") = "1.1.1.5", "1.1.1.5\1.1.1.5.csproj", "{8448859B-BE0D-4384-99C9-E50BC2D736BF}"
EndProject
Project("{FAE04EC0-301F-11D3-BF4B-00C04F79EFBC}") = "1.1.1.6", "1.1.1.6\1.1.1.6.csproj", "{AEB5C8AB-BA2B-4B1D-BBC2-EFDEDA5100E7}"
EndProject
Project("{FAE04EC0-301F-11D3-BF4B-00C04F79EFBC}") = "1.1.1.7", "1.1.1.7\1.1.1.7.csproj", "{BB4B3261-F54C-4CF5-A2F4-1128D9B0ACD8}"
EndProject
Project("{FAE04EC0-301F-11D3-BF4B-00C04F79EFBC}") = "1.1.1.8", "1.1.1.8\1.1.1.8.csproj", "{17A57154-121A-48BA-8455-3E936E2D6CAE}"
EndProject
Project("{FAE04EC0-301F-11D3-BF4B-00C04F79EFBC}") = "1.1.1.9", "1.1.1.9\1.1.1.9.csproj", "{E7E23FD7-837C-40A7-B09A-E4CA26C5754B}"
EndProject
Project("{FAE04EC0-301F-11D3-BF4B-00C04F79EFBC}") = "1.1.1.10", "1.1.1.10\1.1.1.10.csproj", "{4BBDD9FE-0819-4A98-A681-4088B5E2B941}"
EndProject
Project("{FAE04EC0-301F-11D3-BF4B-00C04F79EFBC}") = "1.1.1.11", "1.1.1.11\1.1.1.11.csproj", "{D4F89705-64DA-4C1F-8C15-089B5B38CBB1}"
EndProject
Project("{FAE04EC0-301F-11D3-BF4B-00C04F79EFBC}") = "1.1.2.1", "1.1.2.1\1.1.2.1.csproj", "{0813236E-0FF3-4A91-98A2-0D28B523FCF8}"
EndProject
Project("{FAE04EC0-301F-11D3-BF4B-00C04F79EFBC}") = "1.1.2.2", "1.1.2.2\1.1.2.2.csproj", "{65DD2DD8-D80E-4B59-A065-F43CEE8D4A4D}"
EndProject
Project("{FAE04EC0-301F-11D3-BF4B-00C04F79EFBC}") = "1.1.2.3", "1.1.2.3\1.1.2.3.csproj", "{429A6CD1-87E0-4F58-8ABF-C1B7375A4287}"
EndProject
Project("{FAE04EC0-301F-11D3-BF4B-00C04F79EFBC}") = "1.1.2.4", "1.1.2.4\1.1.2.4.csproj", "{F0360FD5-6AEE-4F65-977B-2D4234B26AFF}"
EndProject
Project("{FAE04EC0-301F-11D3-BF4B-00C04F79EFBC}") = "1.1.2.5", "1.1.2.5\1.1.2.5.csproj", "{7510DA6B-F243-4DB4-BD8C-A60E30ADB3FF}"
EndProject
Project("{FAE04EC0-301F-11D3-BF4B-00C04F79EFBC}") = "1.1.2.6", "1.1.2.6\1.1.2.6.csproj", "{B5BE6287-93D6-4B00-9481-69407FF75F2A}"
EndProject
Project("{FAE04EC0-301F-11D3-BF4B-00C04F79EFBC}") = "Question", "Question\Question.csproj", "{40683A4E-3C4D-4C18-9D51-632A4445AD03}"
EndProject
Project("{FAE04EC0-301F-11D3-BF4B-00C04F79EFBC}") = "1.1.2.7", "1.1.2.7\1.1.2.7.csproj", "{56060013-F0DD-4EED-B195-AD8D292AE42E}"
EndProject
Project("{FAE04EC0-301F-11D3-BF4B-00C04F79EFBC}") = "1.1.2.8", "1.1.2.8\1.1.2.8.csproj", "{6E2B5E1D-4074-465D-8D4C-1E330B5B6D74}"
EndProject
Project("{FAE04EC0-301F-11D3-BF4B-00C04F79EFBC}") = "1.1.2.9", "1.1.2.9\1.1.2.9.csproj", "{4F0F5F01-404B-43AD-9E83-5B039B4C4AF8}"
EndProject
Project("{FAE04EC0-301F-11D3-BF4B-00C04F79EFBC}") = "1.1.3.1", "1.1.3.1\1.1.3.1.csproj", "{7330837B-E420-4931-A1BD-1C54D7A8C495}"
EndProject
Project("{FAE04EC0-301F-11D3-BF4B-00C04F79EFBC}") = "1.1.3.2", "1.1.3.2\1.1.3.2.csproj", "{341E638C-684E-449E-A119-81CB78D49E37}"
EndProject
Project("{FAE04EC0-301F-11D3-BF4B-00C04F79EFBC}") = "1.1.3.3", "1.1.3.3\1.1.3.3.csproj", "{9B464990-E31D-42DB-969E-391083C59064}"
EndProject
Project("{FAE04EC0-301F-11D3-BF4B-00C04F79EFBC}") = "1.1.3.4", "1.1.3.4\1.1.3.4.csproj", "{5B1F0595-1775-494A-842B-038F6A2C3933}"
EndProject
Project("{FAE04EC0-301F-11D3-BF4B-00C04F79EFBC}") = "1.1.3.5", "1.1.3.5\1.1.3.5.csproj", "{504E7E7A-7512-46F7-AC42-2328ABDAB8F3}"
EndProject
Project("{FAE04EC0-301F-11D3-BF4B-00C04F79EFBC}") = "1.1.4.1", "1.1.4.1\1.1.4.1.csproj", "{5D839C03-6868-455C-876A-B518F6A6061F}"
EndProject
Project("{FAE04EC0-301F-11D3-BF4B-00C04F79EFBC}") = "1.1.5.1", "1.1.5.1\1.1.5.1.csproj", "{33B1DC7F-3035-4B8B-9A30-00F4E30D71BF}"
EndProject
Project("{FAE04EC0-301F-11D3-BF4B-00C04F79EFBC}") = "1.1.5.2", "1.1.5.2\1.1.5.2.csproj", "{2977517D-DF33-4434-B9A0-AADE27E10E6C}"
EndProject
Project("{FAE04EC0-301F-11D3-BF4B-00C04F79EFBC}") = "1.1.5.3", "1.1.5.3\1.1.5.3.csproj", "{C88DCB1B-62C1-4B3B-8D7C-A570CDC89EDB}"
EndProject
Project("{FAE04EC0-301F-11D3-BF4B-00C04F79EFBC}") = "1.1.6.1", "1.1.6.1\1.1.6.1.csproj", "{B0FA4254-3A4E-4B43-A67B-E18C625611E3}"
EndProject
Project("{FAE04EC0-301F-11D3-BF4B-00C04F79EFBC}") = "1.1.6.2", "1.1.6.2\1.1.6.2.csproj", "{6DB9DDC9-5E63-489E-A46A-E46F228961CF}"
EndProject
Project("{FAE04EC0-301F-11D3-BF4B-00C04F79EFBC}") = "1.1.6.3", "1.1.6.3\1.1.6.3.csproj", "{16AF6BE5-4B01-4773-A050-63C26805CF8E}"
EndProject
Project("{FAE04EC0-301F-11D3-BF4B-00C04F79EFBC}") = "1.1.6.4", "1.1.6.4\1.1.6.4.csproj", "{77A5CE93-78DF-43D2-A770-BFA7D1CB0C81}"
EndProject
Project("{FAE04EC0-301F-11D3-BF4B-00C04F79EFBC}") = "1.1.6.5", "1.1.6.5\1.1.6.5.csproj", "{74EDAA68-FB2C-475A-8B28-1283673B61C3}"
EndProject
Project("{FAE04EC0-301F-11D3-BF4B-00C04F79EFBC}") = "1.2.1", "1.1.6.6\1.2.1.csproj", "{14BDF471-20F9-4050-B8A2-62056B61639A}"
EndProject
Project("{FAE04EC0-301F-11D3-BF4B-00C04F79EFBC}") = "1.2.2", "1.2.2\1.2.2.csproj", "{EC38AA6B-2232-486D-8615-3E1774C7EDA8}"
EndProject
Project("{FAE04EC0-301F-11D3-BF4B-00C04F79EFBC}") = "1.2.3", "1.2.3\1.2.3.csproj", "{88C1E6AC-610A-4A86-A51E-2CE807AE443E}"
EndProject
Project("{FAE04EC0-301F-11D3-BF4B-00C04F79EFBC}") = "1.2.4", "1.2.4\1.2.4.csproj", "{F304B319-A39B-40FB-B2E8-680903E50D8E}"
EndProject
Project("{FAE04EC0-301F-11D3-BF4B-00C04F79EFBC}") = "1.4.1", "1.4.1\1.4.1.csproj", "{B8D5CC13-21DC-420C-8005-BE5D5CD95ED8}"
EndProject
Project("{FAE04EC0-301F-11D3-BF4B-00C04F79EFBC}") = "1.4.2", "1.4.2\1.4.2.csproj", "{CB4BCAB3-33BE-4D90-98E5-D8AF76774CE1}"
EndProject
Project("{FAE04EC0-301F-11D3-BF4B-00C04F79EFBC}") = "1.4.3", "1.4.3\1.4.3.csproj", "{9B03E56E-6DEC-41C3-B1D5-5127B6EEDD5F}"
EndProject
Project("{FAE04EC0-301F-11D3-BF4B-00C04F79EFBC}") = "1.4.4", "1.4.4\1.4.4.csproj", "{8C16DA76-ADBF-4D03-A322-0555A18F5701}"
EndProject
Project("{FAE04EC0-301F-11D3-BF4B-00C04F79EFBC}") = "1.4.5", "1.4.5\1.4.5.csproj", "{2414FDAF-7719-465E-B93B-37114883FED8}"
EndProject
Project("{FAE04EC0-301F-11D3-BF4B-00C04F79EFBC}") = "1.4.6", "1.4.6\1.4.6.csproj", "{F13995DC-BB3E-46B6-9F3B-79272B40491E}"
EndProject
Project("{FAE04EC0-301F-11D3-BF4B-00C04F79EFBC}") = "1.4.7", "1.4.7\1.4.7.csproj", "{CFF43E41-62C3-4EFB-A719-AA931A50CDD4}"
EndProject
Project("{FAE04EC0-301F-11D3-BF4B-00C04F79EFBC}") = "2.1.1", "2.1.1\2.1.1.csproj", "{AAA41D30-0E98-4F63-ADD6-DB6CF4120389}"
EndProject
Project("{FAE04EC0-301F-11D3-BF4B-00C04F79EFBC}") = "2.1.2", "2.1.2\2.1.2.csproj", "{39DEE7A9-DAD4-4407-A9F5-1656A2865453}"
EndProject
Project("{FAE04EC0-301F-11D3-BF4B-00C04F79EFBC}") = "2.1.3", "2.1.3\2.1.3.csproj", "{4072D1CB-6B68-45E3-99E9-6AFA7347ED4B}"
EndProject
Project("{FAE04EC0-301F-11D3-BF4B-00C04F79EFBC}") = "2.1.4", "2.1.4\2.1.4.csproj", "{1D87FD7A-4B85-41E1-8B3F-163B6786CD99}"
EndProject
Project("{FAE04EC0-301F-11D3-BF4B-00C04F79EFBC}") = "2.1.5", "2.1.5\2.1.5.csproj", "{1D196E36-ACA3-4BF7-9123-C17D4FCF4FC8}"
EndProject
Project("{FAE04EC0-301F-11D3-BF4B-00C04F79EFBC}") = "2.1.6", "2.1.6\2.1.6.csproj", "{591D9423-902A-49F2-8C6C-88EA3546C336}"
EndProject
Project("{FAE04EC0-301F-11D3-BF4B-00C04F79EFBC}") = "2.1.7", "2.1.7\2.1.7.csproj", "{433A60A7-A2F0-49FB-A825-955B35446E86}"
EndProject
Project("{FAE04EC0-301F-11D3-BF4B-00C04F79EFBC}") = "2.1.8", "2.1.8\2.1.8.csproj", "{953547D5-234A-48F6-A164-081E43789EFF}"
EndProject
Project("{FAE04EC0-301F-11D3-BF4B-00C04F79EFBC}") = "2.1.9", "2.1.9\2.1.9.csproj", "{BFEF7872-4347-4323-87A1-EBCCC53DCC74}"
EndProject
Project("{FAE04EC0-301F-11D3-BF4B-00C04F79EFBC}") = "2.1.10", "2.1.10\2.1.10.csproj", "{E357AD5B-DE97-45BF-9986-62CF091A2332}"
EndProject
Project("{FAE04EC0-301F-11D3-BF4B-00C04F79EFBC}") = "2.1.11", "2.1.11\2.1.11.csproj", "{F6A7DC5E-2B34-4901-9A73-62F4E5DD1ECB}"
EndProject
Project("{FAE04EC0-301F-11D3-BF4B-00C04F79EFBC}") = "2.1.12", "2.1.12\2.1.12.csproj", "{697D600D-E864-40E6-AC85-B70E9219CC62}"
EndProject
Project("{FAE04EC0-301F-11D3-BF4B-00C04F79EFBC}") = "3.1", "3.1\3.1.csproj", "{2C408538-D13E-4D5A-B6CC-160D01BD8826}"
EndProject
Project("{FAE04EC0-301F-11D3-BF4B-00C04F79EFBC}") = "3.2", "3.2\3.2.csproj", "{879B8E05-0383-4CA3-94EC-000491C27768}"
EndProject
Project("{FAE04EC0-301F-11D3-BF4B-00C04F79EFBC}") = "3.3", "3.3\3.3.csproj", "{8E4B93AE-5ADB-4619-8A25-76B436D44F47}"
EndProject
Project("{FAE04EC0-301F-11D3-BF4B-00C04F79EFBC}") = "3.4", "3.4\3.4.csproj", "{291D5ADB-83DD-4992-84CC-CE3DC437B17A}"
EndProject
Global
	GlobalSection(SolutionConfigurationPlatforms) = preSolution
		Debug|Any CPU = Debug|Any CPU
		Release|Any CPU = Release|Any CPU
	EndGlobalSection
	GlobalSection(ProjectConfigurationPlatforms) = postSolution
		{A12C8067-5318-4DE1-BC25-6773DA64253A}.Debug|Any CPU.ActiveCfg = Debug|Any CPU
		{A12C8067-5318-4DE1-BC25-6773DA64253A}.Debug|Any CPU.Build.0 = Debug|Any CPU
		{A12C8067-5318-4DE1-BC25-6773DA64253A}.Release|Any CPU.ActiveCfg = Release|Any CPU
		{A12C8067-5318-4DE1-BC25-6773DA64253A}.Release|Any CPU.Build.0 = Release|Any CPU
		{E1551B3E-761B-48AE-AC0D-0090E918B688}.Debug|Any CPU.ActiveCfg = Debug|Any CPU
		{E1551B3E-761B-48AE-AC0D-0090E918B688}.Debug|Any CPU.Build.0 = Debug|Any CPU
		{E1551B3E-761B-48AE-AC0D-0090E918B688}.Release|Any CPU.ActiveCfg = Release|Any CPU
		{E1551B3E-761B-48AE-AC0D-0090E918B688}.Release|Any CPU.Build.0 = Release|Any CPU
		{953589F5-C9D3-4A16-A7CC-4F42387F122F}.Debug|Any CPU.ActiveCfg = Debug|Any CPU
		{953589F5-C9D3-4A16-A7CC-4F42387F122F}.Debug|Any CPU.Build.0 = Debug|Any CPU
		{953589F5-C9D3-4A16-A7CC-4F42387F122F}.Release|Any CPU.ActiveCfg = Release|Any CPU
		{953589F5-C9D3-4A16-A7CC-4F42387F122F}.Release|Any CPU.Build.0 = Release|Any CPU
		{CD61AB0B-7D06-49AA-B961-799B8AA83FAE}.Debug|Any CPU.ActiveCfg = Debug|Any CPU
		{CD61AB0B-7D06-49AA-B961-799B8AA83FAE}.Debug|Any CPU.Build.0 = Debug|Any CPU
		{CD61AB0B-7D06-49AA-B961-799B8AA83FAE}.Release|Any CPU.ActiveCfg = Release|Any CPU
		{CD61AB0B-7D06-49AA-B961-799B8AA83FAE}.Release|Any CPU.Build.0 = Release|Any CPU
		{8448859B-BE0D-4384-99C9-E50BC2D736BF}.Debug|Any CPU.ActiveCfg = Debug|Any CPU
		{8448859B-BE0D-4384-99C9-E50BC2D736BF}.Debug|Any CPU.Build.0 = Debug|Any CPU
		{8448859B-BE0D-4384-99C9-E50BC2D736BF}.Release|Any CPU.ActiveCfg = Release|Any CPU
		{8448859B-BE0D-4384-99C9-E50BC2D736BF}.Release|Any CPU.Build.0 = Release|Any CPU
		{AEB5C8AB-BA2B-4B1D-BBC2-EFDEDA5100E7}.Debug|Any CPU.ActiveCfg = Debug|Any CPU
		{AEB5C8AB-BA2B-4B1D-BBC2-EFDEDA5100E7}.Debug|Any CPU.Build.0 = Debug|Any CPU
		{AEB5C8AB-BA2B-4B1D-BBC2-EFDEDA5100E7}.Release|Any CPU.ActiveCfg = Release|Any CPU
		{AEB5C8AB-BA2B-4B1D-BBC2-EFDEDA5100E7}.Release|Any CPU.Build.0 = Release|Any CPU
		{BB4B3261-F54C-4CF5-A2F4-1128D9B0ACD8}.Debug|Any CPU.ActiveCfg = Debug|Any CPU
		{BB4B3261-F54C-4CF5-A2F4-1128D9B0ACD8}.Debug|Any CPU.Build.0 = Debug|Any CPU
		{BB4B3261-F54C-4CF5-A2F4-1128D9B0ACD8}.Release|Any CPU.ActiveCfg = Release|Any CPU
		{BB4B3261-F54C-4CF5-A2F4-1128D9B0ACD8}.Release|Any CPU.Build.0 = Release|Any CPU
		{17A57154-121A-48BA-8455-3E936E2D6CAE}.Debug|Any CPU.ActiveCfg = Debug|Any CPU
		{17A57154-121A-48BA-8455-3E936E2D6CAE}.Debug|Any CPU.Build.0 = Debug|Any CPU
		{17A57154-121A-48BA-8455-3E936E2D6CAE}.Release|Any CPU.ActiveCfg = Release|Any CPU
		{17A57154-121A-48BA-8455-3E936E2D6CAE}.Release|Any CPU.Build.0 = Release|Any CPU
		{E7E23FD7-837C-40A7-B09A-E4CA26C5754B}.Debug|Any CPU.ActiveCfg = Debug|Any CPU
		{E7E23FD7-837C-40A7-B09A-E4CA26C5754B}.Debug|Any CPU.Build.0 = Debug|Any CPU
		{E7E23FD7-837C-40A7-B09A-E4CA26C5754B}.Release|Any CPU.ActiveCfg = Release|Any CPU
		{E7E23FD7-837C-40A7-B09A-E4CA26C5754B}.Release|Any CPU.Build.0 = Release|Any CPU
		{4BBDD9FE-0819-4A98-A681-4088B5E2B941}.Debug|Any CPU.ActiveCfg = Debug|Any CPU
		{4BBDD9FE-0819-4A98-A681-4088B5E2B941}.Debug|Any CPU.Build.0 = Debug|Any CPU
		{4BBDD9FE-0819-4A98-A681-4088B5E2B941}.Release|Any CPU.ActiveCfg = Release|Any CPU
		{4BBDD9FE-0819-4A98-A681-4088B5E2B941}.Release|Any CPU.Build.0 = Release|Any CPU
		{D4F89705-64DA-4C1F-8C15-089B5B38CBB1}.Debug|Any CPU.ActiveCfg = Debug|Any CPU
		{D4F89705-64DA-4C1F-8C15-089B5B38CBB1}.Debug|Any CPU.Build.0 = Debug|Any CPU
		{D4F89705-64DA-4C1F-8C15-089B5B38CBB1}.Release|Any CPU.ActiveCfg = Release|Any CPU
		{D4F89705-64DA-4C1F-8C15-089B5B38CBB1}.Release|Any CPU.Build.0 = Release|Any CPU
		{0813236E-0FF3-4A91-98A2-0D28B523FCF8}.Debug|Any CPU.ActiveCfg = Debug|Any CPU
		{0813236E-0FF3-4A91-98A2-0D28B523FCF8}.Debug|Any CPU.Build.0 = Debug|Any CPU
		{0813236E-0FF3-4A91-98A2-0D28B523FCF8}.Release|Any CPU.ActiveCfg = Release|Any CPU
		{0813236E-0FF3-4A91-98A2-0D28B523FCF8}.Release|Any CPU.Build.0 = Release|Any CPU
		{65DD2DD8-D80E-4B59-A065-F43CEE8D4A4D}.Debug|Any CPU.ActiveCfg = Debug|Any CPU
		{65DD2DD8-D80E-4B59-A065-F43CEE8D4A4D}.Debug|Any CPU.Build.0 = Debug|Any CPU
		{65DD2DD8-D80E-4B59-A065-F43CEE8D4A4D}.Release|Any CPU.ActiveCfg = Release|Any CPU
		{65DD2DD8-D80E-4B59-A065-F43CEE8D4A4D}.Release|Any CPU.Build.0 = Release|Any CPU
		{429A6CD1-87E0-4F58-8ABF-C1B7375A4287}.Debug|Any CPU.ActiveCfg = Debug|Any CPU
		{429A6CD1-87E0-4F58-8ABF-C1B7375A4287}.Debug|Any CPU.Build.0 = Debug|Any CPU
		{429A6CD1-87E0-4F58-8ABF-C1B7375A4287}.Release|Any CPU.ActiveCfg = Release|Any CPU
		{429A6CD1-87E0-4F58-8ABF-C1B7375A4287}.Release|Any CPU.Build.0 = Release|Any CPU
		{F0360FD5-6AEE-4F65-977B-2D4234B26AFF}.Debug|Any CPU.ActiveCfg = Debug|Any CPU
		{F0360FD5-6AEE-4F65-977B-2D4234B26AFF}.Debug|Any CPU.Build.0 = Debug|Any CPU
		{F0360FD5-6AEE-4F65-977B-2D4234B26AFF}.Release|Any CPU.ActiveCfg = Release|Any CPU
		{F0360FD5-6AEE-4F65-977B-2D4234B26AFF}.Release|Any CPU.Build.0 = Release|Any CPU
		{7510DA6B-F243-4DB4-BD8C-A60E30ADB3FF}.Debug|Any CPU.ActiveCfg = Debug|Any CPU
		{7510DA6B-F243-4DB4-BD8C-A60E30ADB3FF}.Debug|Any CPU.Build.0 = Debug|Any CPU
		{7510DA6B-F243-4DB4-BD8C-A60E30ADB3FF}.Release|Any CPU.ActiveCfg = Release|Any CPU
		{7510DA6B-F243-4DB4-BD8C-A60E30ADB3FF}.Release|Any CPU.Build.0 = Release|Any CPU
		{B5BE6287-93D6-4B00-9481-69407FF75F2A}.Debug|Any CPU.ActiveCfg = Debug|Any CPU
		{B5BE6287-93D6-4B00-9481-69407FF75F2A}.Debug|Any CPU.Build.0 = Debug|Any CPU
		{B5BE6287-93D6-4B00-9481-69407FF75F2A}.Release|Any CPU.ActiveCfg = Release|Any CPU
		{B5BE6287-93D6-4B00-9481-69407FF75F2A}.Release|Any CPU.Build.0 = Release|Any CPU
		{40683A4E-3C4D-4C18-9D51-632A4445AD03}.Debug|Any CPU.ActiveCfg = Debug|Any CPU
		{40683A4E-3C4D-4C18-9D51-632A4445AD03}.Debug|Any CPU.Build.0 = Debug|Any CPU
		{40683A4E-3C4D-4C18-9D51-632A4445AD03}.Release|Any CPU.ActiveCfg = Release|Any CPU
		{40683A4E-3C4D-4C18-9D51-632A4445AD03}.Release|Any CPU.Build.0 = Release|Any CPU
		{56060013-F0DD-4EED-B195-AD8D292AE42E}.Debug|Any CPU.ActiveCfg = Debug|Any CPU
		{56060013-F0DD-4EED-B195-AD8D292AE42E}.Debug|Any CPU.Build.0 = Debug|Any CPU
		{56060013-F0DD-4EED-B195-AD8D292AE42E}.Release|Any CPU.ActiveCfg = Release|Any CPU
		{56060013-F0DD-4EED-B195-AD8D292AE42E}.Release|Any CPU.Build.0 = Release|Any CPU
		{6E2B5E1D-4074-465D-8D4C-1E330B5B6D74}.Debug|Any CPU.ActiveCfg = Debug|Any CPU
		{6E2B5E1D-4074-465D-8D4C-1E330B5B6D74}.Debug|Any CPU.Build.0 = Debug|Any CPU
		{6E2B5E1D-4074-465D-8D4C-1E330B5B6D74}.Release|Any CPU.ActiveCfg = Release|Any CPU
		{6E2B5E1D-4074-465D-8D4C-1E330B5B6D74}.Release|Any CPU.Build.0 = Release|Any CPU
		{4F0F5F01-404B-43AD-9E83-5B039B4C4AF8}.Debug|Any CPU.ActiveCfg = Debug|Any CPU
		{4F0F5F01-404B-43AD-9E83-5B039B4C4AF8}.Debug|Any CPU.Build.0 = Debug|Any CPU
		{4F0F5F01-404B-43AD-9E83-5B039B4C4AF8}.Release|Any CPU.ActiveCfg = Release|Any CPU
		{4F0F5F01-404B-43AD-9E83-5B039B4C4AF8}.Release|Any CPU.Build.0 = Release|Any CPU
		{7330837B-E420-4931-A1BD-1C54D7A8C495}.Debug|Any CPU.ActiveCfg = Debug|Any CPU
		{7330837B-E420-4931-A1BD-1C54D7A8C495}.Debug|Any CPU.Build.0 = Debug|Any CPU
		{7330837B-E420-4931-A1BD-1C54D7A8C495}.Release|Any CPU.ActiveCfg = Release|Any CPU
		{7330837B-E420-4931-A1BD-1C54D7A8C495}.Release|Any CPU.Build.0 = Release|Any CPU
		{341E638C-684E-449E-A119-81CB78D49E37}.Debug|Any CPU.ActiveCfg = Debug|Any CPU
		{341E638C-684E-449E-A119-81CB78D49E37}.Debug|Any CPU.Build.0 = Debug|Any CPU
		{341E638C-684E-449E-A119-81CB78D49E37}.Release|Any CPU.ActiveCfg = Release|Any CPU
		{341E638C-684E-449E-A119-81CB78D49E37}.Release|Any CPU.Build.0 = Release|Any CPU
		{9B464990-E31D-42DB-969E-391083C59064}.Debug|Any CPU.ActiveCfg = Debug|Any CPU
		{9B464990-E31D-42DB-969E-391083C59064}.Debug|Any CPU.Build.0 = Debug|Any CPU
		{9B464990-E31D-42DB-969E-391083C59064}.Release|Any CPU.ActiveCfg = Release|Any CPU
		{9B464990-E31D-42DB-969E-391083C59064}.Release|Any CPU.Build.0 = Release|Any CPU
		{5B1F0595-1775-494A-842B-038F6A2C3933}.Debug|Any CPU.ActiveCfg = Debug|Any CPU
		{5B1F0595-1775-494A-842B-038F6A2C3933}.Debug|Any CPU.Build.0 = Debug|Any CPU
		{5B1F0595-1775-494A-842B-038F6A2C3933}.Release|Any CPU.ActiveCfg = Release|Any CPU
		{5B1F0595-1775-494A-842B-038F6A2C3933}.Release|Any CPU.Build.0 = Release|Any CPU
		{504E7E7A-7512-46F7-AC42-2328ABDAB8F3}.Debug|Any CPU.ActiveCfg = Debug|Any CPU
		{504E7E7A-7512-46F7-AC42-2328ABDAB8F3}.Debug|Any CPU.Build.0 = Debug|Any CPU
		{504E7E7A-7512-46F7-AC42-2328ABDAB8F3}.Release|Any CPU.ActiveCfg = Release|Any CPU
		{504E7E7A-7512-46F7-AC42-2328ABDAB8F3}.Release|Any CPU.Build.0 = Release|Any CPU
		{5D839C03-6868-455C-876A-B518F6A6061F}.Debug|Any CPU.ActiveCfg = Debug|Any CPU
		{5D839C03-6868-455C-876A-B518F6A6061F}.Debug|Any CPU.Build.0 = Debug|Any CPU
		{5D839C03-6868-455C-876A-B518F6A6061F}.Release|Any CPU.ActiveCfg = Release|Any CPU
		{5D839C03-6868-455C-876A-B518F6A6061F}.Release|Any CPU.Build.0 = Release|Any CPU
		{33B1DC7F-3035-4B8B-9A30-00F4E30D71BF}.Debug|Any CPU.ActiveCfg = Debug|Any CPU
		{33B1DC7F-3035-4B8B-9A30-00F4E30D71BF}.Debug|Any CPU.Build.0 = Debug|Any CPU
		{33B1DC7F-3035-4B8B-9A30-00F4E30D71BF}.Release|Any CPU.ActiveCfg = Release|Any CPU
		{33B1DC7F-3035-4B8B-9A30-00F4E30D71BF}.Release|Any CPU.Build.0 = Release|Any CPU
		{2977517D-DF33-4434-B9A0-AADE27E10E6C}.Debug|Any CPU.ActiveCfg = Debug|Any CPU
		{2977517D-DF33-4434-B9A0-AADE27E10E6C}.Debug|Any CPU.Build.0 = Debug|Any CPU
		{2977517D-DF33-4434-B9A0-AADE27E10E6C}.Release|Any CPU.ActiveCfg = Release|Any CPU
		{2977517D-DF33-4434-B9A0-AADE27E10E6C}.Release|Any CPU.Build.0 = Release|Any CPU
		{C88DCB1B-62C1-4B3B-8D7C-A570CDC89EDB}.Debug|Any CPU.ActiveCfg = Debug|Any CPU
		{C88DCB1B-62C1-4B3B-8D7C-A570CDC89EDB}.Debug|Any CPU.Build.0 = Debug|Any CPU
		{C88DCB1B-62C1-4B3B-8D7C-A570CDC89EDB}.Release|Any CPU.ActiveCfg = Release|Any CPU
		{C88DCB1B-62C1-4B3B-8D7C-A570CDC89EDB}.Release|Any CPU.Build.0 = Release|Any CPU
		{B0FA4254-3A4E-4B43-A67B-E18C625611E3}.Debug|Any CPU.ActiveCfg = Debug|Any CPU
		{B0FA4254-3A4E-4B43-A67B-E18C625611E3}.Debug|Any CPU.Build.0 = Debug|Any CPU
		{B0FA4254-3A4E-4B43-A67B-E18C625611E3}.Release|Any CPU.ActiveCfg = Release|Any CPU
		{B0FA4254-3A4E-4B43-A67B-E18C625611E3}.Release|Any CPU.Build.0 = Release|Any CPU
		{6DB9DDC9-5E63-489E-A46A-E46F228961CF}.Debug|Any CPU.ActiveCfg = Debug|Any CPU
		{6DB9DDC9-5E63-489E-A46A-E46F228961CF}.Debug|Any CPU.Build.0 = Debug|Any CPU
		{6DB9DDC9-5E63-489E-A46A-E46F228961CF}.Release|Any CPU.ActiveCfg = Release|Any CPU
		{6DB9DDC9-5E63-489E-A46A-E46F228961CF}.Release|Any CPU.Build.0 = Release|Any CPU
		{16AF6BE5-4B01-4773-A050-63C26805CF8E}.Debug|Any CPU.ActiveCfg = Debug|Any CPU
		{16AF6BE5-4B01-4773-A050-63C26805CF8E}.Debug|Any CPU.Build.0 = Debug|Any CPU
		{16AF6BE5-4B01-4773-A050-63C26805CF8E}.Release|Any CPU.ActiveCfg = Release|Any CPU
		{16AF6BE5-4B01-4773-A050-63C26805CF8E}.Release|Any CPU.Build.0 = Release|Any CPU
		{77A5CE93-78DF-43D2-A770-BFA7D1CB0C81}.Debug|Any CPU.ActiveCfg = Debug|Any CPU
		{77A5CE93-78DF-43D2-A770-BFA7D1CB0C81}.Debug|Any CPU.Build.0 = Debug|Any CPU
		{77A5CE93-78DF-43D2-A770-BFA7D1CB0C81}.Release|Any CPU.ActiveCfg = Release|Any CPU
		{77A5CE93-78DF-43D2-A770-BFA7D1CB0C81}.Release|Any CPU.Build.0 = Release|Any CPU
		{74EDAA68-FB2C-475A-8B28-1283673B61C3}.Debug|Any CPU.ActiveCfg = Debug|Any CPU
		{74EDAA68-FB2C-475A-8B28-1283673B61C3}.Debug|Any CPU.Build.0 = Debug|Any CPU
		{74EDAA68-FB2C-475A-8B28-1283673B61C3}.Release|Any CPU.ActiveCfg = Release|Any CPU
		{74EDAA68-FB2C-475A-8B28-1283673B61C3}.Release|Any CPU.Build.0 = Release|Any CPU
		{14BDF471-20F9-4050-B8A2-62056B61639A}.Debug|Any CPU.ActiveCfg = Debug|Any CPU
		{14BDF471-20F9-4050-B8A2-62056B61639A}.Debug|Any CPU.Build.0 = Debug|Any CPU
		{14BDF471-20F9-4050-B8A2-62056B61639A}.Release|Any CPU.ActiveCfg = Release|Any CPU
		{14BDF471-20F9-4050-B8A2-62056B61639A}.Release|Any CPU.Build.0 = Release|Any CPU
		{EC38AA6B-2232-486D-8615-3E1774C7EDA8}.Debug|Any CPU.ActiveCfg = Debug|Any CPU
		{EC38AA6B-2232-486D-8615-3E1774C7EDA8}.Debug|Any CPU.Build.0 = Debug|Any CPU
		{EC38AA6B-2232-486D-8615-3E1774C7EDA8}.Release|Any CPU.ActiveCfg = Release|Any CPU
		{EC38AA6B-2232-486D-8615-3E1774C7EDA8}.Release|Any CPU.Build.0 = Release|Any CPU
		{88C1E6AC-610A-4A86-A51E-2CE807AE443E}.Debug|Any CPU.ActiveCfg = Debug|Any CPU
		{88C1E6AC-610A-4A86-A51E-2CE807AE443E}.Debug|Any CPU.Build.0 = Debug|Any CPU
		{88C1E6AC-610A-4A86-A51E-2CE807AE443E}.Release|Any CPU.ActiveCfg = Release|Any CPU
		{88C1E6AC-610A-4A86-A51E-2CE807AE443E}.Release|Any CPU.Build.0 = Release|Any CPU
		{F304B319-A39B-40FB-B2E8-680903E50D8E}.Debug|Any CPU.ActiveCfg = Debug|Any CPU
		{F304B319-A39B-40FB-B2E8-680903E50D8E}.Debug|Any CPU.Build.0 = Debug|Any CPU
		{F304B319-A39B-40FB-B2E8-680903E50D8E}.Release|Any CPU.ActiveCfg = Release|Any CPU
		{F304B319-A39B-40FB-B2E8-680903E50D8E}.Release|Any CPU.Build.0 = Release|Any CPU
		{B8D5CC13-21DC-420C-8005-BE5D5CD95ED8}.Debug|Any CPU.ActiveCfg = Debug|Any CPU
		{B8D5CC13-21DC-420C-8005-BE5D5CD95ED8}.Debug|Any CPU.Build.0 = Debug|Any CPU
		{B8D5CC13-21DC-420C-8005-BE5D5CD95ED8}.Release|Any CPU.ActiveCfg = Release|Any CPU
		{B8D5CC13-21DC-420C-8005-BE5D5CD95ED8}.Release|Any CPU.Build.0 = Release|Any CPU
		{CB4BCAB3-33BE-4D90-98E5-D8AF76774CE1}.Debug|Any CPU.ActiveCfg = Debug|Any CPU
		{CB4BCAB3-33BE-4D90-98E5-D8AF76774CE1}.Debug|Any CPU.Build.0 = Debug|Any CPU
		{CB4BCAB3-33BE-4D90-98E5-D8AF76774CE1}.Release|Any CPU.ActiveCfg = Release|Any CPU
		{CB4BCAB3-33BE-4D90-98E5-D8AF76774CE1}.Release|Any CPU.Build.0 = Release|Any CPU
		{9B03E56E-6DEC-41C3-B1D5-5127B6EEDD5F}.Debug|Any CPU.ActiveCfg = Debug|Any CPU
		{9B03E56E-6DEC-41C3-B1D5-5127B6EEDD5F}.Debug|Any CPU.Build.0 = Debug|Any CPU
		{9B03E56E-6DEC-41C3-B1D5-5127B6EEDD5F}.Release|Any CPU.ActiveCfg = Release|Any CPU
		{9B03E56E-6DEC-41C3-B1D5-5127B6EEDD5F}.Release|Any CPU.Build.0 = Release|Any CPU
		{8C16DA76-ADBF-4D03-A322-0555A18F5701}.Debug|Any CPU.ActiveCfg = Debug|Any CPU
		{8C16DA76-ADBF-4D03-A322-0555A18F5701}.Debug|Any CPU.Build.0 = Debug|Any CPU
		{8C16DA76-ADBF-4D03-A322-0555A18F5701}.Release|Any CPU.ActiveCfg = Release|Any CPU
		{8C16DA76-ADBF-4D03-A322-0555A18F5701}.Release|Any CPU.Build.0 = Release|Any CPU
		{2414FDAF-7719-465E-B93B-37114883FED8}.Debug|Any CPU.ActiveCfg = Debug|Any CPU
		{2414FDAF-7719-465E-B93B-37114883FED8}.Debug|Any CPU.Build.0 = Debug|Any CPU
		{2414FDAF-7719-465E-B93B-37114883FED8}.Release|Any CPU.ActiveCfg = Release|Any CPU
		{2414FDAF-7719-465E-B93B-37114883FED8}.Release|Any CPU.Build.0 = Release|Any CPU
		{F13995DC-BB3E-46B6-9F3B-79272B40491E}.Debug|Any CPU.ActiveCfg = Debug|Any CPU
		{F13995DC-BB3E-46B6-9F3B-79272B40491E}.Debug|Any CPU.Build.0 = Debug|Any CPU
		{F13995DC-BB3E-46B6-9F3B-79272B40491E}.Release|Any CPU.ActiveCfg = Release|Any CPU
		{F13995DC-BB3E-46B6-9F3B-79272B40491E}.Release|Any CPU.Build.0 = Release|Any CPU
		{CFF43E41-62C3-4EFB-A719-AA931A50CDD4}.Debug|Any CPU.ActiveCfg = Debug|Any CPU
		{CFF43E41-62C3-4EFB-A719-AA931A50CDD4}.Debug|Any CPU.Build.0 = Debug|Any CPU
		{CFF43E41-62C3-4EFB-A719-AA931A50CDD4}.Release|Any CPU.ActiveCfg = Release|Any CPU
		{CFF43E41-62C3-4EFB-A719-AA931A50CDD4}.Release|Any CPU.Build.0 = Release|Any CPU
		{AAA41D30-0E98-4F63-ADD6-DB6CF4120389}.Debug|Any CPU.ActiveCfg = Debug|Any CPU
		{AAA41D30-0E98-4F63-ADD6-DB6CF4120389}.Debug|Any CPU.Build.0 = Debug|Any CPU
		{AAA41D30-0E98-4F63-ADD6-DB6CF4120389}.Release|Any CPU.ActiveCfg = Release|Any CPU
		{AAA41D30-0E98-4F63-ADD6-DB6CF4120389}.Release|Any CPU.Build.0 = Release|Any CPU
		{39DEE7A9-DAD4-4407-A9F5-1656A2865453}.Debug|Any CPU.ActiveCfg = Debug|Any CPU
		{39DEE7A9-DAD4-4407-A9F5-1656A2865453}.Debug|Any CPU.Build.0 = Debug|Any CPU
		{39DEE7A9-DAD4-4407-A9F5-1656A2865453}.Release|Any CPU.ActiveCfg = Release|Any CPU
		{39DEE7A9-DAD4-4407-A9F5-1656A2865453}.Release|Any CPU.Build.0 = Release|Any CPU
		{4072D1CB-6B68-45E3-99E9-6AFA7347ED4B}.Debug|Any CPU.ActiveCfg = Debug|Any CPU
		{4072D1CB-6B68-45E3-99E9-6AFA7347ED4B}.Debug|Any CPU.Build.0 = Debug|Any CPU
		{4072D1CB-6B68-45E3-99E9-6AFA7347ED4B}.Release|Any CPU.ActiveCfg = Release|Any CPU
		{4072D1CB-6B68-45E3-99E9-6AFA7347ED4B}.Release|Any CPU.Build.0 = Release|Any CPU
		{1D87FD7A-4B85-41E1-8B3F-163B6786CD99}.Debug|Any CPU.ActiveCfg = Debug|Any CPU
		{1D87FD7A-4B85-41E1-8B3F-163B6786CD99}.Debug|Any CPU.Build.0 = Debug|Any CPU
		{1D87FD7A-4B85-41E1-8B3F-163B6786CD99}.Release|Any CPU.ActiveCfg = Release|Any CPU
		{1D87FD7A-4B85-41E1-8B3F-163B6786CD99}.Release|Any CPU.Build.0 = Release|Any CPU
		{1D196E36-ACA3-4BF7-9123-C17D4FCF4FC8}.Debug|Any CPU.ActiveCfg = Debug|Any CPU
		{1D196E36-ACA3-4BF7-9123-C17D4FCF4FC8}.Debug|Any CPU.Build.0 = Debug|Any CPU
		{1D196E36-ACA3-4BF7-9123-C17D4FCF4FC8}.Release|Any CPU.ActiveCfg = Release|Any CPU
		{1D196E36-ACA3-4BF7-9123-C17D4FCF4FC8}.Release|Any CPU.Build.0 = Release|Any CPU
		{591D9423-902A-49F2-8C6C-88EA3546C336}.Debug|Any CPU.ActiveCfg = Debug|Any CPU
		{591D9423-902A-49F2-8C6C-88EA3546C336}.Debug|Any CPU.Build.0 = Debug|Any CPU
		{591D9423-902A-49F2-8C6C-88EA3546C336}.Release|Any CPU.ActiveCfg = Release|Any CPU
		{591D9423-902A-49F2-8C6C-88EA3546C336}.Release|Any CPU.Build.0 = Release|Any CPU
		{433A60A7-A2F0-49FB-A825-955B35446E86}.Debug|Any CPU.ActiveCfg = Debug|Any CPU
		{433A60A7-A2F0-49FB-A825-955B35446E86}.Debug|Any CPU.Build.0 = Debug|Any CPU
		{433A60A7-A2F0-49FB-A825-955B35446E86}.Release|Any CPU.ActiveCfg = Release|Any CPU
		{433A60A7-A2F0-49FB-A825-955B35446E86}.Release|Any CPU.Build.0 = Release|Any CPU
		{953547D5-234A-48F6-A164-081E43789EFF}.Debug|Any CPU.ActiveCfg = Debug|Any CPU
		{953547D5-234A-48F6-A164-081E43789EFF}.Debug|Any CPU.Build.0 = Debug|Any CPU
		{953547D5-234A-48F6-A164-081E43789EFF}.Release|Any CPU.ActiveCfg = Release|Any CPU
		{953547D5-234A-48F6-A164-081E43789EFF}.Release|Any CPU.Build.0 = Release|Any CPU
		{BFEF7872-4347-4323-87A1-EBCCC53DCC74}.Debug|Any CPU.ActiveCfg = Debug|Any CPU
		{BFEF7872-4347-4323-87A1-EBCCC53DCC74}.Debug|Any CPU.Build.0 = Debug|Any CPU
		{BFEF7872-4347-4323-87A1-EBCCC53DCC74}.Release|Any CPU.ActiveCfg = Release|Any CPU
		{BFEF7872-4347-4323-87A1-EBCCC53DCC74}.Release|Any CPU.Build.0 = Release|Any CPU
		{E357AD5B-DE97-45BF-9986-62CF091A2332}.Debug|Any CPU.ActiveCfg = Debug|Any CPU
		{E357AD5B-DE97-45BF-9986-62CF091A2332}.Debug|Any CPU.Build.0 = Debug|Any CPU
		{E357AD5B-DE97-45BF-9986-62CF091A2332}.Release|Any CPU.ActiveCfg = Release|Any CPU
		{E357AD5B-DE97-45BF-9986-62CF091A2332}.Release|Any CPU.Build.0 = Release|Any CPU
		{F6A7DC5E-2B34-4901-9A73-62F4E5DD1ECB}.Debug|Any CPU.ActiveCfg = Debug|Any CPU
		{F6A7DC5E-2B34-4901-9A73-62F4E5DD1ECB}.Debug|Any CPU.Build.0 = Debug|Any CPU
		{F6A7DC5E-2B34-4901-9A73-62F4E5DD1ECB}.Release|Any CPU.ActiveCfg = Release|Any CPU
		{F6A7DC5E-2B34-4901-9A73-62F4E5DD1ECB}.Release|Any CPU.Build.0 = Release|Any CPU
		{697D600D-E864-40E6-AC85-B70E9219CC62}.Debug|Any CPU.ActiveCfg = Debug|Any CPU
		{697D600D-E864-40E6-AC85-B70E9219CC62}.Debug|Any CPU.Build.0 = Debug|Any CPU
		{697D600D-E864-40E6-AC85-B70E9219CC62}.Release|Any CPU.ActiveCfg = Release|Any CPU
		{697D600D-E864-40E6-AC85-B70E9219CC62}.Release|Any CPU.Build.0 = Release|Any CPU
		{2C408538-D13E-4D5A-B6CC-160D01BD8826}.Debug|Any CPU.ActiveCfg = Debug|Any CPU
		{2C408538-D13E-4D5A-B6CC-160D01BD8826}.Debug|Any CPU.Build.0 = Debug|Any CPU
		{2C408538-D13E-4D5A-B6CC-160D01BD8826}.Release|Any CPU.ActiveCfg = Release|Any CPU
		{2C408538-D13E-4D5A-B6CC-160D01BD8826}.Release|Any CPU.Build.0 = Release|Any CPU
		{879B8E05-0383-4CA3-94EC-000491C27768}.Debug|Any CPU.ActiveCfg = Debug|Any CPU
		{879B8E05-0383-4CA3-94EC-000491C27768}.Debug|Any CPU.Build.0 = Debug|Any CPU
		{879B8E05-0383-4CA3-94EC-000491C27768}.Release|Any CPU.ActiveCfg = Release|Any CPU
		{879B8E05-0383-4CA3-94EC-000491C27768}.Release|Any CPU.Build.0 = Release|Any CPU
		{8E4B93AE-5ADB-4619-8A25-76B436D44F47}.Debug|Any CPU.ActiveCfg = Debug|Any CPU
		{8E4B93AE-5ADB-4619-8A25-76B436D44F47}.Debug|Any CPU.Build.0 = Debug|Any CPU
		{8E4B93AE-5ADB-4619-8A25-76B436D44F47}.Release|Any CPU.ActiveCfg = Release|Any CPU
		{8E4B93AE-5ADB-4619-8A25-76B436D44F47}.Release|Any CPU.Build.0 = Release|Any CPU
		{291D5ADB-83DD-4992-84CC-CE3DC437B17A}.Debug|Any CPU.ActiveCfg = Debug|Any CPU
		{291D5ADB-83DD-4992-84CC-CE3DC437B17A}.Debug|Any CPU.Build.0 = Debug|Any CPU
		{291D5ADB-83DD-4992-84CC-CE3DC437B17A}.Release|Any CPU.ActiveCfg = Release|Any CPU
		{291D5ADB-83DD-4992-84CC-CE3DC437B17A}.Release|Any CPU.Build.0 = Release|Any CPU
	EndGlobalSection
	GlobalSection(SolutionProperties) = preSolution
		HideSolutionNode = FALSE
	EndGlobalSection
	GlobalSection(ExtensibilityGlobals) = postSolution
		SolutionGuid = {B2C8E9D2-7EE0-4ECD-9084-9F79E79D78CD}
	EndGlobalSection
EndGlobal
