
Microsoft Visual Studio Solution File, Format Version 12.00
# Visual Studio 2013
VisualStudioVersion = 12.0.40629.0
MinimumVisualStudioVersion = 10.0.40219.1
Project("{FAE04EC0-301F-11D3-BF4B-00C04F79EFBC}") = "1.1.1.1", "ExamPrep\1.1.1.1.csproj", "{A12C8067-5318-4DE1-BC25-6773DA64253A}"
EndProject
Project("{FAE04EC0-301F-11D3-BF4B-00C04F79EFBC}") = "1.1.1.2", "1.1.1.2\1.1.1.2.csproj", "{E1551B3E-761B-48AE-AC0D-0090E918B688}"
EndProject
Project("{FAE04EC0-301F-11D3-BF4B-00C04F79EFBC}") = "1.1.1.3", "1.1.1.3\1.1.1.3.csproj", "{953589F5-C9D3-4A16-A7CC-4F42387F122F}"
EndProject
Project("{FAE04EC0-301F-11D3-BF4B-00C04F79EFBC}") = "1.1.1.4", "1.1.1.4\1.1.1.4.csproj", "{CD61AB0B-7D06-49AA-B961-799B8AA83FAE}"
EndProject
Project("{FAE04EC0-301F-11D3-BF4B-00C04F79EFBC}") = "1.1.1.5", "1.1.1.5\1.1.1.5.csproj", "{8448859B-BE0D-4384-99C9-E50BC2D736BF}"
EndProject
Project("{FAE04EC0-301F-11D3-BF4B-00C04F79EFBC}") = "1.1.1.6", "1.1.1.6\1.1.1.6.csproj", "{AEB5C8AB-BA2B-4B1D-BBC2-EFDEDA5100E7}"
EndProject
Project("{FAE04EC0-301F-11D3-BF4B-00C04F79EFBC}") = "1.1.1.7", "1.1.1.7\1.1.1.7.csproj", "{BB4B3261-F54C-4CF5-A2F4-1128D9B0ACD8}"
EndProject
Project("{FAE04EC0-301F-11D3-BF4B-00C04F79EFBC}") = "1.1.1.8", "1.1.1.8\1.1.1.8.csproj", "{17A57154-121A-48BA-8455-3E936E2D6CAE}"
EndProject
Project("{FAE04EC0-301F-11D3-BF4B-00C04F79EFBC}") = "1.1.1.9", "1.1.1.9\1.1.1.9.csproj", "{E7E23FD7-837C-40A7-B09A-E4CA26C5754B}"
EndProject
Project("{FAE04EC0-301F-11D3-BF4B-00C04F79EFBC}") = "1.1.1.10", "1.1.1.10\1.1.1.10.csproj", "{4BBDD9FE-0819-4A98-A681-4088B5E2B941}"
EndProject
Project("{FAE04EC0-301F-11D3-BF4B-00C04F79EFBC}") = "1.1.1.11", "1.1.1.11\1.1.1.11.csproj", "{D4F89705-64DA-4C1F-8C15-089B5B38CBB1}"
EndProject
Global
	GlobalSection(SolutionConfigurationPlatforms) = preSolution
		Debug|Any CPU = Debug|Any CPU
		Release|Any CPU = Release|Any CPU
	EndGlobalSection
	GlobalSection(ProjectConfigurationPlatforms) = postSolution
		{A12C8067-5318-4DE1-BC25-6773DA64253A}.Debug|Any CPU.ActiveCfg = Debug|Any CPU
		{A12C8067-5318-4DE1-BC25-6773DA64253A}.Debug|Any CPU.Build.0 = Debug|Any CPU
		{A12C8067-5318-4DE1-BC25-6773DA64253A}.Release|Any CPU.ActiveCfg = Release|Any CPU
		{A12C8067-5318-4DE1-BC25-6773DA64253A}.Release|Any CPU.Build.0 = Release|Any CPU
		{E1551B3E-761B-48AE-AC0D-0090E918B688}.Debug|Any CPU.ActiveCfg = Debug|Any CPU
		{E1551B3E-761B-48AE-AC0D-0090E918B688}.Debug|Any CPU.Build.0 = Debug|Any CPU
		{E1551B3E-761B-48AE-AC0D-0090E918B688}.Release|Any CPU.ActiveCfg = Release|Any CPU
		{E1551B3E-761B-48AE-AC0D-0090E918B688}.Release|Any CPU.Build.0 = Release|Any CPU
		{953589F5-C9D3-4A16-A7CC-4F42387F122F}.Debug|Any CPU.ActiveCfg = Debug|Any CPU
		{953589F5-C9D3-4A16-A7CC-4F42387F122F}.Debug|Any CPU.Build.0 = Debug|Any CPU
		{953589F5-C9D3-4A16-A7CC-4F42387F122F}.Release|Any CPU.ActiveCfg = Release|Any CPU
		{953589F5-C9D3-4A16-A7CC-4F42387F122F}.Release|Any CPU.Build.0 = Release|Any CPU
		{CD61AB0B-7D06-49AA-B961-799B8AA83FAE}.Debug|Any CPU.ActiveCfg = Debug|Any CPU
		{CD61AB0B-7D06-49AA-B961-799B8AA83FAE}.Debug|Any CPU.Build.0 = Debug|Any CPU
		{CD61AB0B-7D06-49AA-B961-799B8AA83FAE}.Release|Any CPU.ActiveCfg = Release|Any CPU
		{CD61AB0B-7D06-49AA-B961-799B8AA83FAE}.Release|Any CPU.Build.0 = Release|Any CPU
		{8448859B-BE0D-4384-99C9-E50BC2D736BF}.Debug|Any CPU.ActiveCfg = Debug|Any CPU
		{8448859B-BE0D-4384-99C9-E50BC2D736BF}.Debug|Any CPU.Build.0 = Debug|Any CPU
		{8448859B-BE0D-4384-99C9-E50BC2D736BF}.Release|Any CPU.ActiveCfg = Release|Any CPU
		{8448859B-BE0D-4384-99C9-E50BC2D736BF}.Release|Any CPU.Build.0 = Release|Any CPU
		{AEB5C8AB-BA2B-4B1D-BBC2-EFDEDA5100E7}.Debug|Any CPU.ActiveCfg = Debug|Any CPU
		{AEB5C8AB-BA2B-4B1D-BBC2-EFDEDA5100E7}.Debug|Any CPU.Build.0 = Debug|Any CPU
		{AEB5C8AB-BA2B-4B1D-BBC2-EFDEDA5100E7}.Release|Any CPU.ActiveCfg = Release|Any CPU
		{AEB5C8AB-BA2B-4B1D-BBC2-EFDEDA5100E7}.Release|Any CPU.Build.0 = Release|Any CPU
		{BB4B3261-F54C-4CF5-A2F4-1128D9B0ACD8}.Debug|Any CPU.ActiveCfg = Debug|Any CPU
		{BB4B3261-F54C-4CF5-A2F4-1128D9B0ACD8}.Debug|Any CPU.Build.0 = Debug|Any CPU
		{BB4B3261-F54C-4CF5-A2F4-1128D9B0ACD8}.Release|Any CPU.ActiveCfg = Release|Any CPU
		{BB4B3261-F54C-4CF5-A2F4-1128D9B0ACD8}.Release|Any CPU.Build.0 = Release|Any CPU
		{17A57154-121A-48BA-8455-3E936E2D6CAE}.Debug|Any CPU.ActiveCfg = Debug|Any CPU
		{17A57154-121A-48BA-8455-3E936E2D6CAE}.Debug|Any CPU.Build.0 = Debug|Any CPU
		{17A57154-121A-48BA-8455-3E936E2D6CAE}.Release|Any CPU.ActiveCfg = Release|Any CPU
		{17A57154-121A-48BA-8455-3E936E2D6CAE}.Release|Any CPU.Build.0 = Release|Any CPU
		{E7E23FD7-837C-40A7-B09A-E4CA26C5754B}.Debug|Any CPU.ActiveCfg = Debug|Any CPU
		{E7E23FD7-837C-40A7-B09A-E4CA26C5754B}.Debug|Any CPU.Build.0 = Debug|Any CPU
		{E7E23FD7-837C-40A7-B09A-E4CA26C5754B}.Release|Any CPU.ActiveCfg = Release|Any CPU
		{E7E23FD7-837C-40A7-B09A-E4CA26C5754B}.Release|Any CPU.Build.0 = Release|Any CPU
		{4BBDD9FE-0819-4A98-A681-4088B5E2B941}.Debug|Any CPU.ActiveCfg = Debug|Any CPU
		{4BBDD9FE-0819-4A98-A681-4088B5E2B941}.Debug|Any CPU.Build.0 = Debug|Any CPU
		{4BBDD9FE-0819-4A98-A681-4088B5E2B941}.Release|Any CPU.ActiveCfg = Release|Any CPU
		{4BBDD9FE-0819-4A98-A681-4088B5E2B941}.Release|Any CPU.Build.0 = Release|Any CPU
		{D4F89705-64DA-4C1F-8C15-089B5B38CBB1}.Debug|Any CPU.ActiveCfg = Debug|Any CPU
		{D4F89705-64DA-4C1F-8C15-089B5B38CBB1}.Debug|Any CPU.Build.0 = Debug|Any CPU
		{D4F89705-64DA-4C1F-8C15-089B5B38CBB1}.Release|Any CPU.ActiveCfg = Release|Any CPU
		{D4F89705-64DA-4C1F-8C15-089B5B38CBB1}.Release|Any CPU.Build.0 = Release|Any CPU
	EndGlobalSection
	GlobalSection(SolutionProperties) = preSolution
		HideSolutionNode = FALSE
	EndGlobalSection
EndGlobal
